{
  "requires": true,
  "lockfileVersion": 1,
  "dependencies": {
    "eslint-config-standard-jsx": {
      "version": "6.0.2",
      "resolved": "https://registry.npmjs.org/eslint-config-standard-jsx/-/eslint-config-standard-jsx-6.0.2.tgz",
      "integrity": "sha512-D+YWAoXw+2GIdbMBRAzWwr1ZtvnSf4n4yL0gKGg7ShUOGXkSOLerI17K4F6LdQMJPNMoWYqepzQD/fKY+tXNSg=="
    },
    "eslint-config-standard-react": {
      "version": "7.0.2",
      "resolved": "https://registry.npmjs.org/eslint-config-standard-react/-/eslint-config-standard-react-7.0.2.tgz",
      "integrity": "sha512-Zv/vubIfrwx4IbRXAggRjaswLXKdfFeuGfN365cVTaRmfpAy/7dIxMvJRZkUT99zEx8FOjTXL0KC4psfDjK/+w==",
      "dev": true,
      "requires": {
        "eslint-config-standard-jsx": "^6.0.1"
      }
    }
  }
}
